
Microsoft Visual Studio Solution File, Format Version 12.00
# Visual Studio Version 17
VisualStudioVersion = 17.0.31903.59
MinimumVisualStudioVersion = 10.0.40219.1
Project("{FAE04EC0-301F-11D3-BF4B-00C04F79EFBC}") = "TestManiac.Core", "TestManiac.Core\TestManiac.Core.csproj", "{C53EC86D-9C37-475B-B093-F3A8862AE998}"
EndProject
Project("{FAE04EC0-301F-11D3-BF4B-00C04F79EFBC}") = "TestManiac.CLI", "TestManiac.CLI\TestManiac.CLI.csproj", "{8F89B9D5-74F5-4EB6-90AC-45D7990E6E2B}"
EndProject
Global
	GlobalSection(SolutionConfigurationPlatforms) = preSolution
		Debug|Any CPU = Debug|Any CPU
		Debug|x64 = Debug|x64
		Debug|x86 = Debug|x86
		Release|Any CPU = Release|Any CPU
		Release|x64 = Release|x64
		Release|x86 = Release|x86
	EndGlobalSection
	GlobalSection(ProjectConfigurationPlatforms) = postSolution
		{C53EC86D-9C37-475B-B093-F3A8862AE998}.Debug|Any CPU.ActiveCfg = Debug|Any CPU
		{C53EC86D-9C37-475B-B093-F3A8862AE998}.Debug|Any CPU.Build.0 = Debug|Any CPU
		{C53EC86D-9C37-475B-B093-F3A8862AE998}.Debug|x64.ActiveCfg = Debug|Any CPU
		{C53EC86D-9C37-475B-B093-F3A8862AE998}.Debug|x64.Build.0 = Debug|Any CPU
		{C53EC86D-9C37-475B-B093-F3A8862AE998}.Debug|x86.ActiveCfg = Debug|Any CPU
		{C53EC86D-9C37-475B-B093-F3A8862AE998}.Debug|x86.Build.0 = Debug|Any CPU
		{C53EC86D-9C37-475B-B093-F3A8862AE998}.Release|Any CPU.ActiveCfg = Release|Any CPU
		{C53EC86D-9C37-475B-B093-F3A8862AE998}.Release|Any CPU.Build.0 = Release|Any CPU
		{C53EC86D-9C37-475B-B093-F3A8862AE998}.Release|x64.ActiveCfg = Release|Any CPU
		{C53EC86D-9C37-475B-B093-F3A8862AE998}.Release|x64.Build.0 = Release|Any CPU
		{C53EC86D-9C37-475B-B093-F3A8862AE998}.Release|x86.ActiveCfg = Release|Any CPU
		{C53EC86D-9C37-475B-B093-F3A8862AE998}.Release|x86.Build.0 = Release|Any CPU
		{8F89B9D5-74F5-4EB6-90AC-45D7990E6E2B}.Debug|Any CPU.ActiveCfg = Debug|Any CPU
		{8F89B9D5-74F5-4EB6-90AC-45D7990E6E2B}.Debug|Any CPU.Build.0 = Debug|Any CPU
		{8F89B9D5-74F5-4EB6-90AC-45D7990E6E2B}.Debug|x64.ActiveCfg = Debug|Any CPU
		{8F89B9D5-74F5-4EB6-90AC-45D7990E6E2B}.Debug|x64.Build.0 = Debug|Any CPU
		{8F89B9D5-74F5-4EB6-90AC-45D7990E6E2B}.Debug|x86.ActiveCfg = Debug|Any CPU
		{8F89B9D5-74F5-4EB6-90AC-45D7990E6E2B}.Debug|x86.Build.0 = Debug|Any CPU
		{8F89B9D5-74F5-4EB6-90AC-45D7990E6E2B}.Release|Any CPU.ActiveCfg = Release|Any CPU
		{8F89B9D5-74F5-4EB6-90AC-45D7990E6E2B}.Release|Any CPU.Build.0 = Release|Any CPU
		{8F89B9D5-74F5-4EB6-90AC-45D7990E6E2B}.Release|x64.ActiveCfg = Release|Any CPU
		{8F89B9D5-74F5-4EB6-90AC-45D7990E6E2B}.Release|x64.Build.0 = Release|Any CPU
		{8F89B9D5-74F5-4EB6-90AC-45D7990E6E2B}.Release|x86.ActiveCfg = Release|Any CPU
		{8F89B9D5-74F5-4EB6-90AC-45D7990E6E2B}.Release|x86.Build.0 = Release|Any CPU
	EndGlobalSection
	GlobalSection(SolutionProperties) = preSolution
		HideSolutionNode = FALSE
	EndGlobalSection
EndGlobal
